// !$*UTF8*$!
{
	archiveVersion = 1;
	classes = {
	};
	objectVersion = 50;
	objects = {

/* Begin PBXBuildFile section */
		870737BA274E6D8500732BB7 /* SearchViewController.swift in Sources */ = {isa = PBXBuildFile; fileRef = 870737B9274E6D8500732BB7 /* SearchViewController.swift */; };
		870737BE274F527800732BB7 /* FiltersNavigationContollers.swift in Sources */ = {isa = PBXBuildFile; fileRef = 870737BD274F527800732BB7 /* FiltersNavigationContollers.swift */; };
		870737C2274F539800732BB7 /* FiltersViewController.swift in Sources */ = {isa = PBXBuildFile; fileRef = 870737C1274F539800732BB7 /* FiltersViewController.swift */; };
		870737C5274F66D400732BB7 /* FilterMenu.swift in Sources */ = {isa = PBXBuildFile; fileRef = 870737C4274F66D400732BB7 /* FilterMenu.swift */; };
		870737C9274F6A7000732BB7 /* FiltersTableViewCell.swift in Sources */ = {isa = PBXBuildFile; fileRef = 870737C7274F6A7000732BB7 /* FiltersTableViewCell.swift */; };
		870737CA274F6A7000732BB7 /* FiltersTableViewCell.xib in Resources */ = {isa = PBXBuildFile; fileRef = 870737C8274F6A7000732BB7 /* FiltersTableViewCell.xib */; };
		870737CE274F727B00732BB7 /* FilterNameTableViewCell.swift in Sources */ = {isa = PBXBuildFile; fileRef = 870737CC274F727B00732BB7 /* FilterNameTableViewCell.swift */; };
		870737CF274F727B00732BB7 /* FilterNameTableViewCell.xib in Resources */ = {isa = PBXBuildFile; fileRef = 870737CD274F727B00732BB7 /* FilterNameTableViewCell.xib */; };
		870737D3274F788200732BB7 /* SectionFooterTableViewCell.swift in Sources */ = {isa = PBXBuildFile; fileRef = 870737D1274F788200732BB7 /* SectionFooterTableViewCell.swift */; };
		870737D4274F788200732BB7 /* SectionFooterTableViewCell.xib in Resources */ = {isa = PBXBuildFile; fileRef = 870737D2274F788200732BB7 /* SectionFooterTableViewCell.xib */; };
		870737D7274F85A400732BB7 /* Checkout.swift in Sources */ = {isa = PBXBuildFile; fileRef = 870737D6274F85A400732BB7 /* Checkout.swift */; };
		873026842743DAD800CA31CA /* SingInViewController.swift in Sources */ = {isa = PBXBuildFile; fileRef = 873026832743DAD800CA31CA /* SingInViewController.swift */; };
		873026872744201100CA31CA /* NumberViewController.swift in Sources */ = {isa = PBXBuildFile; fileRef = 873026862744201100CA31CA /* NumberViewController.swift */; };
		8730269D274612D700CA31CA /* VerificationViewController.swift in Sources */ = {isa = PBXBuildFile; fileRef = 8730269C274612D700CA31CA /* VerificationViewController.swift */; };
		873026A02746133C00CA31CA /* SelectLocationViewController.swift in Sources */ = {isa = PBXBuildFile; fileRef = 8730269F2746133C00CA31CA /* SelectLocationViewController.swift */; };
		873026A3274613C800CA31CA /* LogInViewController.swift in Sources */ = {isa = PBXBuildFile; fileRef = 873026A2274613C800CA31CA /* LogInViewController.swift */; };
		873026A6274613E900CA31CA /* SignUpAlternativeViewController.swift in Sources */ = {isa = PBXBuildFile; fileRef = 873026A5274613E900CA31CA /* SignUpAlternativeViewController.swift */; };
		873026A92746143700CA31CA /* OnbordingViewController.swift in Sources */ = {isa = PBXBuildFile; fileRef = 873026A82746143700CA31CA /* OnbordingViewController.swift */; };
		873026AC2746539C00CA31CA /* VerificationModels.swift in Sources */ = {isa = PBXBuildFile; fileRef = 873026AB2746539C00CA31CA /* VerificationModels.swift */; };
		873026AF274664C600CA31CA /* phoneMaskModels.swift in Sources */ = {isa = PBXBuildFile; fileRef = 873026AE274664C600CA31CA /* phoneMaskModels.swift */; };
		873026B62746831900CA31CA /* LoginModels.swift in Sources */ = {isa = PBXBuildFile; fileRef = 873026B52746831900CA31CA /* LoginModels.swift */; };
		873026B92747572100CA31CA /* CustomTabBarVc.swift in Sources */ = {isa = PBXBuildFile; fileRef = 873026B82747572100CA31CA /* CustomTabBarVc.swift */; };
		8757DB88274B5F9500A04367 /* HomeScreenViewController.swift in Sources */ = {isa = PBXBuildFile; fileRef = 8757DB87274B5F9500A04367 /* HomeScreenViewController.swift */; };
		8757DB8D274B60A500A04367 /* HomeScreenHeaderTableViewCell.swift in Sources */ = {isa = PBXBuildFile; fileRef = 8757DB8B274B60A500A04367 /* HomeScreenHeaderTableViewCell.swift */; };
		8757DB8E274B60A500A04367 /* HomeScreenHeaderTableViewCell.xib in Resources */ = {isa = PBXBuildFile; fileRef = 8757DB8C274B60A500A04367 /* HomeScreenHeaderTableViewCell.xib */; };
		8757DB92274B646000A04367 /* homeScreeSearchBarTableViewCell.swift in Sources */ = {isa = PBXBuildFile; fileRef = 8757DB90274B646000A04367 /* homeScreeSearchBarTableViewCell.swift */; };
		8757DB93274B646000A04367 /* homeScreeSearchBarTableViewCell.xib in Resources */ = {isa = PBXBuildFile; fileRef = 8757DB91274B646000A04367 /* homeScreeSearchBarTableViewCell.xib */; };
		8757DB97274B846600A04367 /* HomeSreenBannerTableViewCell.swift in Sources */ = {isa = PBXBuildFile; fileRef = 8757DB95274B846600A04367 /* HomeSreenBannerTableViewCell.swift */; };
		8757DB98274B846600A04367 /* HomeSreenBannerTableViewCell.xib in Resources */ = {isa = PBXBuildFile; fileRef = 8757DB96274B846600A04367 /* HomeSreenBannerTableViewCell.xib */; };
		8757DB9D274B84A900A04367 /* HomeSreenBannerCollectionViewCell.swift in Sources */ = {isa = PBXBuildFile; fileRef = 8757DB9B274B84A900A04367 /* HomeSreenBannerCollectionViewCell.swift */; };
		8757DB9E274B84A900A04367 /* HomeSreenBannerCollectionViewCell.xib in Resources */ = {isa = PBXBuildFile; fileRef = 8757DB9C274B84A900A04367 /* HomeSreenBannerCollectionViewCell.xib */; };
		8757DBB8274BA34800A04367 /* homeScreenCategorySectionTableViewCell.swift in Sources */ = {isa = PBXBuildFile; fileRef = 8757DBB6274BA34800A04367 /* homeScreenCategorySectionTableViewCell.swift */; };
		8757DBB9274BA34800A04367 /* homeScreenCategorySectionTableViewCell.xib in Resources */ = {isa = PBXBuildFile; fileRef = 8757DBB7274BA34800A04367 /* homeScreenCategorySectionTableViewCell.xib */; };
		8757DBC0274BA39100A04367 /* homeScreenCategorySectionElementsCollectionViewCell.swift in Sources */ = {isa = PBXBuildFile; fileRef = 8757DBBE274BA39100A04367 /* homeScreenCategorySectionElementsCollectionViewCell.swift */; };
		8757DBC1274BA39100A04367 /* homeScreenCategorySectionElementsCollectionViewCell.xib in Resources */ = {isa = PBXBuildFile; fileRef = 8757DBBF274BA39100A04367 /* homeScreenCategorySectionElementsCollectionViewCell.xib */; };
		8757DBC5274CA7D600A04367 /* GroceriesStoriesTableViewCell.swift in Sources */ = {isa = PBXBuildFile; fileRef = 8757DBC3274CA7D600A04367 /* GroceriesStoriesTableViewCell.swift */; };
		8757DBC6274CA7D600A04367 /* GroceriesStoriesTableViewCell.xib in Resources */ = {isa = PBXBuildFile; fileRef = 8757DBC4274CA7D600A04367 /* GroceriesStoriesTableViewCell.xib */; };
		8757DBCC274CA81900A04367 /* GroceriesStoriesStoriesCollectionViewCell.swift in Sources */ = {isa = PBXBuildFile; fileRef = 8757DBCA274CA81900A04367 /* GroceriesStoriesStoriesCollectionViewCell.swift */; };
		8757DBCD274CA81900A04367 /* GroceriesStoriesStoriesCollectionViewCell.xib in Resources */ = {isa = PBXBuildFile; fileRef = 8757DBCB274CA81900A04367 /* GroceriesStoriesStoriesCollectionViewCell.xib */; };
		8757DBDA274CBC0A00A04367 /* ProductsLineTableViewCell.swift in Sources */ = {isa = PBXBuildFile; fileRef = 8757DBD8274CBC0A00A04367 /* ProductsLineTableViewCell.swift */; };
		8757DBDB274CBC0A00A04367 /* ProductsLineTableViewCell.xib in Resources */ = {isa = PBXBuildFile; fileRef = 8757DBD9274CBC0A00A04367 /* ProductsLineTableViewCell.xib */; };
		8757DBDF274D039D00A04367 /* ProductDetailViewController.swift in Sources */ = {isa = PBXBuildFile; fileRef = 8757DBDE274D039D00A04367 /* ProductDetailViewController.swift */; };
		8757DBE5274D061A00A04367 /* ProductImagesTableViewCell.swift in Sources */ = {isa = PBXBuildFile; fileRef = 8757DBE3274D061A00A04367 /* ProductImagesTableViewCell.swift */; };
		8757DBE6274D061A00A04367 /* ProductImagesTableViewCell.xib in Resources */ = {isa = PBXBuildFile; fileRef = 8757DBE4274D061A00A04367 /* ProductImagesTableViewCell.xib */; };
		8757DBE9274D0E4A00A04367 /* ProductImagesCollectionViewCell.swift in Sources */ = {isa = PBXBuildFile; fileRef = 8757DBE7274D0E4A00A04367 /* ProductImagesCollectionViewCell.swift */; };
		8757DBEA274D0E4A00A04367 /* ProductImagesCollectionViewCell.xib in Resources */ = {isa = PBXBuildFile; fileRef = 8757DBE8274D0E4A00A04367 /* ProductImagesCollectionViewCell.xib */; };
		8757DBEF274D14A700A04367 /* ProductInfoAndCountTableViewCell.swift in Sources */ = {isa = PBXBuildFile; fileRef = 8757DBED274D14A700A04367 /* ProductInfoAndCountTableViewCell.swift */; };
		8757DBF0274D14A700A04367 /* ProductInfoAndCountTableViewCell.xib in Resources */ = {isa = PBXBuildFile; fileRef = 8757DBEE274D14A700A04367 /* ProductInfoAndCountTableViewCell.xib */; };
		8757DBF4274DF38000A04367 /* CheckoutViewController.swift in Sources */ = {isa = PBXBuildFile; fileRef = 8757DBF3274DF38000A04367 /* CheckoutViewController.swift */; };
		8757DBF9274DF5D500A04367 /* ParametrElementsTableViewCell.swift in Sources */ = {isa = PBXBuildFile; fileRef = 8757DBF7274DF5D500A04367 /* ParametrElementsTableViewCell.swift */; };
		8757DBFA274DF5D500A04367 /* ParametrElementsTableViewCell.xib in Resources */ = {isa = PBXBuildFile; fileRef = 8757DBF8274DF5D500A04367 /* ParametrElementsTableViewCell.xib */; };
		8757DBFF274DFC9700A04367 /* ParametrElementFooterTableViewCell.swift in Sources */ = {isa = PBXBuildFile; fileRef = 8757DBFD274DFC9700A04367 /* ParametrElementFooterTableViewCell.swift */; };
		8757DC00274DFC9700A04367 /* ParametrElementFooterTableViewCell.xib in Resources */ = {isa = PBXBuildFile; fileRef = 8757DBFE274DFC9700A04367 /* ParametrElementFooterTableViewCell.xib */; };
		8757DC07274E397700A04367 /* productDetailTableViewCell.swift in Sources */ = {isa = PBXBuildFile; fileRef = 8757DC05274E397700A04367 /* productDetailTableViewCell.swift */; };
		8757DC08274E397700A04367 /* productDetailTableViewCell.xib in Resources */ = {isa = PBXBuildFile; fileRef = 8757DC06274E397700A04367 /* productDetailTableViewCell.xib */; };
		878182682747AEE8001F8CEF /* AccountInfoTableViewCell.swift in Sources */ = {isa = PBXBuildFile; fileRef = 878182662747AEE8001F8CEF /* AccountInfoTableViewCell.swift */; };
		878182692747AEE8001F8CEF /* AccountInfoTableViewCell.xib in Resources */ = {isa = PBXBuildFile; fileRef = 878182672747AEE8001F8CEF /* AccountInfoTableViewCell.xib */; };
		8781826E2747B30A001F8CEF /* LogOutTableViewCell.swift in Sources */ = {isa = PBXBuildFile; fileRef = 8781826C2747B30A001F8CEF /* LogOutTableViewCell.swift */; };
		8781826F2747B30A001F8CEF /* LogOutTableViewCell.xib in Resources */ = {isa = PBXBuildFile; fileRef = 8781826D2747B30A001F8CEF /* LogOutTableViewCell.xib */; };
		878182732747B66B001F8CEF /* MenuTableViewCell.swift in Sources */ = {isa = PBXBuildFile; fileRef = 878182712747B66B001F8CEF /* MenuTableViewCell.swift */; };
		878182742747B66B001F8CEF /* MenuTableViewCell.xib in Resources */ = {isa = PBXBuildFile; fileRef = 878182722747B66B001F8CEF /* MenuTableViewCell.xib */; };
		878182772747B9D5001F8CEF /* AccountViewController.swift in Sources */ = {isa = PBXBuildFile; fileRef = 878182762747B9D5001F8CEF /* AccountViewController.swift */; };
		8781827A2747CA05001F8CEF /* MenuModels.swift in Sources */ = {isa = PBXBuildFile; fileRef = 878182792747CA05001F8CEF /* MenuModels.swift */; };
		8781827E2747FF9A001F8CEF /* FavoritesTableViewCell.swift in Sources */ = {isa = PBXBuildFile; fileRef = 8781827C2747FF9A001F8CEF /* FavoritesTableViewCell.swift */; };
		8781827F2747FF9A001F8CEF /* FavoritesTableViewCell.xib in Resources */ = {isa = PBXBuildFile; fileRef = 8781827D2747FF9A001F8CEF /* FavoritesTableViewCell.xib */; };
		8781828527480514001F8CEF /* HeaderFavoritesTableViewCell.swift in Sources */ = {isa = PBXBuildFile; fileRef = 8781828327480514001F8CEF /* HeaderFavoritesTableViewCell.swift */; };
		8781828627480514001F8CEF /* HeaderFavoritesTableViewCell.xib in Resources */ = {isa = PBXBuildFile; fileRef = 8781828427480514001F8CEF /* HeaderFavoritesTableViewCell.xib */; };
		878182892748067A001F8CEF /* FavoritesViewController.swift in Sources */ = {isa = PBXBuildFile; fileRef = 878182882748067A001F8CEF /* FavoritesViewController.swift */; };
		8781828D2748FC8C001F8CEF /* MyCartViewController.swift in Sources */ = {isa = PBXBuildFile; fileRef = 8781828C2748FC8C001F8CEF /* MyCartViewController.swift */; };
		878182912748FD35001F8CEF /* HeaderMyCartTableViewCell.swift in Sources */ = {isa = PBXBuildFile; fileRef = 8781828F2748FD35001F8CEF /* HeaderMyCartTableViewCell.swift */; };
		878182922748FD35001F8CEF /* HeaderMyCartTableViewCell.xib in Resources */ = {isa = PBXBuildFile; fileRef = 878182902748FD35001F8CEF /* HeaderMyCartTableViewCell.xib */; };
		878182962748FD53001F8CEF /* MyCartItemsTableViewCell.swift in Sources */ = {isa = PBXBuildFile; fileRef = 878182942748FD53001F8CEF /* MyCartItemsTableViewCell.swift */; };
		878182972748FD53001F8CEF /* MyCartItemsTableViewCell.xib in Resources */ = {isa = PBXBuildFile; fileRef = 878182952748FD53001F8CEF /* MyCartItemsTableViewCell.xib */; };
		8781829A274A1A0C001F8CEF /* ExploreVcViewController.swift in Sources */ = {isa = PBXBuildFile; fileRef = 87818299274A1A0C001F8CEF /* ExploreVcViewController.swift */; };
		878182A0274A1AE8001F8CEF /* ExploreHeaderTableViewCell.swift in Sources */ = {isa = PBXBuildFile; fileRef = 8781829E274A1AE8001F8CEF /* ExploreHeaderTableViewCell.swift */; };
		878182A1274A1AE8001F8CEF /* ExploreHeaderTableViewCell.xib in Resources */ = {isa = PBXBuildFile; fileRef = 8781829F274A1AE8001F8CEF /* ExploreHeaderTableViewCell.xib */; };
		878182A6274A1B0D001F8CEF /* SearchBarTableViewCell.swift in Sources */ = {isa = PBXBuildFile; fileRef = 878182A4274A1B0D001F8CEF /* SearchBarTableViewCell.swift */; };
		878182A7274A1B0D001F8CEF /* SearchBarTableViewCell.xib in Resources */ = {isa = PBXBuildFile; fileRef = 878182A5274A1B0D001F8CEF /* SearchBarTableViewCell.xib */; };
		878182AC274A1B35001F8CEF /* ItemsTableViewCell.swift in Sources */ = {isa = PBXBuildFile; fileRef = 878182AA274A1B35001F8CEF /* ItemsTableViewCell.swift */; };
		878182AD274A1B35001F8CEF /* ItemsTableViewCell.xib in Resources */ = {isa = PBXBuildFile; fileRef = 878182AB274A1B35001F8CEF /* ItemsTableViewCell.xib */; };
		878182B3274A1C01001F8CEF /* ItemsCollectionViewCell.swift in Sources */ = {isa = PBXBuildFile; fileRef = 878182B1274A1C01001F8CEF /* ItemsCollectionViewCell.swift */; };
		878182B4274A1C01001F8CEF /* ItemsCollectionViewCell.xib in Resources */ = {isa = PBXBuildFile; fileRef = 878182B2274A1C01001F8CEF /* ItemsCollectionViewCell.xib */; };
		878182B7274AA02C001F8CEF /* ProductDataBase.swift in Sources */ = {isa = PBXBuildFile; fileRef = 878182B6274AA02C001F8CEF /* ProductDataBase.swift */; };
		879FAC0927436FC600252BE0 /* AppDelegate.swift in Sources */ = {isa = PBXBuildFile; fileRef = 879FAC0827436FC600252BE0 /* AppDelegate.swift */; };
		879FAC0B27436FC600252BE0 /* SceneDelegate.swift in Sources */ = {isa = PBXBuildFile; fileRef = 879FAC0A27436FC600252BE0 /* SceneDelegate.swift */; };
		879FAC0D27436FC600252BE0 /* ViewController.swift in Sources */ = {isa = PBXBuildFile; fileRef = 879FAC0C27436FC600252BE0 /* ViewController.swift */; };
		879FAC1027436FC600252BE0 /* Main.storyboard in Resources */ = {isa = PBXBuildFile; fileRef = 879FAC0E27436FC600252BE0 /* Main.storyboard */; };
		879FAC1227436FC700252BE0 /* Assets.xcassets in Resources */ = {isa = PBXBuildFile; fileRef = 879FAC1127436FC700252BE0 /* Assets.xcassets */; };
		879FAC1527436FC700252BE0 /* LaunchScreen.storyboard in Resources */ = {isa = PBXBuildFile; fileRef = 879FAC1327436FC700252BE0 /* LaunchScreen.storyboard */; };
/* End PBXBuildFile section */

/* Begin PBXFileReference section */
		870737B9274E6D8500732BB7 /* SearchViewController.swift */ = {isa = PBXFileReference; lastKnownFileType = sourcecode.swift; path = SearchViewController.swift; sourceTree = "<group>"; };
		870737BD274F527800732BB7 /* FiltersNavigationContollers.swift */ = {isa = PBXFileReference; lastKnownFileType = sourcecode.swift; path = FiltersNavigationContollers.swift; sourceTree = "<group>"; };
		870737C1274F539800732BB7 /* FiltersViewController.swift */ = {isa = PBXFileReference; lastKnownFileType = sourcecode.swift; path = FiltersViewController.swift; sourceTree = "<group>"; };
		870737C4274F66D400732BB7 /* FilterMenu.swift */ = {isa = PBXFileReference; lastKnownFileType = sourcecode.swift; path = FilterMenu.swift; sourceTree = "<group>"; };
		870737C7274F6A7000732BB7 /* FiltersTableViewCell.swift */ = {isa = PBXFileReference; lastKnownFileType = sourcecode.swift; path = FiltersTableViewCell.swift; sourceTree = "<group>"; };
		870737C8274F6A7000732BB7 /* FiltersTableViewCell.xib */ = {isa = PBXFileReference; lastKnownFileType = file.xib; path = FiltersTableViewCell.xib; sourceTree = "<group>"; };
		870737CC274F727B00732BB7 /* FilterNameTableViewCell.swift */ = {isa = PBXFileReference; lastKnownFileType = sourcecode.swift; path = FilterNameTableViewCell.swift; sourceTree = "<group>"; };
		870737CD274F727B00732BB7 /* FilterNameTableViewCell.xib */ = {isa = PBXFileReference; lastKnownFileType = file.xib; path = FilterNameTableViewCell.xib; sourceTree = "<group>"; };
		870737D1274F788200732BB7 /* SectionFooterTableViewCell.swift */ = {isa = PBXFileReference; lastKnownFileType = sourcecode.swift; path = SectionFooterTableViewCell.swift; sourceTree = "<group>"; };
		870737D2274F788200732BB7 /* SectionFooterTableViewCell.xib */ = {isa = PBXFileReference; lastKnownFileType = file.xib; path = SectionFooterTableViewCell.xib; sourceTree = "<group>"; };
		870737D6274F85A400732BB7 /* Checkout.swift */ = {isa = PBXFileReference; lastKnownFileType = sourcecode.swift; path = Checkout.swift; sourceTree = "<group>"; };
		873026832743DAD800CA31CA /* SingInViewController.swift */ = {isa = PBXFileReference; lastKnownFileType = sourcecode.swift; path = SingInViewController.swift; sourceTree = "<group>"; };
		873026862744201100CA31CA /* NumberViewController.swift */ = {isa = PBXFileReference; lastKnownFileType = sourcecode.swift; path = NumberViewController.swift; sourceTree = "<group>"; };
		8730269C274612D700CA31CA /* VerificationViewController.swift */ = {isa = PBXFileReference; lastKnownFileType = sourcecode.swift; path = VerificationViewController.swift; sourceTree = "<group>"; };
		8730269F2746133C00CA31CA /* SelectLocationViewController.swift */ = {isa = PBXFileReference; lastKnownFileType = sourcecode.swift; path = SelectLocationViewController.swift; sourceTree = "<group>"; };
		873026A2274613C800CA31CA /* LogInViewController.swift */ = {isa = PBXFileReference; lastKnownFileType = sourcecode.swift; path = LogInViewController.swift; sourceTree = "<group>"; };
		873026A5274613E900CA31CA /* SignUpAlternativeViewController.swift */ = {isa = PBXFileReference; lastKnownFileType = sourcecode.swift; path = SignUpAlternativeViewController.swift; sourceTree = "<group>"; };
		873026A82746143700CA31CA /* OnbordingViewController.swift */ = {isa = PBXFileReference; lastKnownFileType = sourcecode.swift; path = OnbordingViewController.swift; sourceTree = "<group>"; };
		873026AB2746539C00CA31CA /* VerificationModels.swift */ = {isa = PBXFileReference; lastKnownFileType = sourcecode.swift; path = VerificationModels.swift; sourceTree = "<group>"; };
		873026AE274664C600CA31CA /* phoneMaskModels.swift */ = {isa = PBXFileReference; lastKnownFileType = sourcecode.swift; path = phoneMaskModels.swift; sourceTree = "<group>"; };
		873026B1274671A500CA31CA /* gilroy-medium.ttf */ = {isa = PBXFileReference; lastKnownFileType = file; name = "gilroy-medium.ttf"; path = "../../../../Downloads/318748081bbc3135ad4deebf54ba77a7/gilroy-medium.ttf"; sourceTree = "<group>"; };
		873026B2274671A500CA31CA /* gilroy-regular.ttf */ = {isa = PBXFileReference; lastKnownFileType = file; name = "gilroy-regular.ttf"; path = "../../../../Downloads/318748081bbc3135ad4deebf54ba77a7/gilroy-regular.ttf"; sourceTree = "<group>"; };
		873026B3274671A500CA31CA /* gilroy-semibold.ttf */ = {isa = PBXFileReference; lastKnownFileType = file; name = "gilroy-semibold.ttf"; path = "../../../../Downloads/318748081bbc3135ad4deebf54ba77a7/gilroy-semibold.ttf"; sourceTree = "<group>"; };
		873026B52746831900CA31CA /* LoginModels.swift */ = {isa = PBXFileReference; lastKnownFileType = sourcecode.swift; path = LoginModels.swift; sourceTree = "<group>"; };
		873026B82747572100CA31CA /* CustomTabBarVc.swift */ = {isa = PBXFileReference; lastKnownFileType = sourcecode.swift; path = CustomTabBarVc.swift; sourceTree = "<group>"; };
		8757DB87274B5F9500A04367 /* HomeScreenViewController.swift */ = {isa = PBXFileReference; lastKnownFileType = sourcecode.swift; path = HomeScreenViewController.swift; sourceTree = "<group>"; };
		8757DB8B274B60A500A04367 /* HomeScreenHeaderTableViewCell.swift */ = {isa = PBXFileReference; lastKnownFileType = sourcecode.swift; path = HomeScreenHeaderTableViewCell.swift; sourceTree = "<group>"; };
		8757DB8C274B60A500A04367 /* HomeScreenHeaderTableViewCell.xib */ = {isa = PBXFileReference; lastKnownFileType = file.xib; path = HomeScreenHeaderTableViewCell.xib; sourceTree = "<group>"; };
		8757DB90274B646000A04367 /* homeScreeSearchBarTableViewCell.swift */ = {isa = PBXFileReference; lastKnownFileType = sourcecode.swift; path = homeScreeSearchBarTableViewCell.swift; sourceTree = "<group>"; };
		8757DB91274B646000A04367 /* homeScreeSearchBarTableViewCell.xib */ = {isa = PBXFileReference; lastKnownFileType = file.xib; path = homeScreeSearchBarTableViewCell.xib; sourceTree = "<group>"; };
		8757DB95274B846600A04367 /* HomeSreenBannerTableViewCell.swift */ = {isa = PBXFileReference; lastKnownFileType = sourcecode.swift; path = HomeSreenBannerTableViewCell.swift; sourceTree = "<group>"; };
		8757DB96274B846600A04367 /* HomeSreenBannerTableViewCell.xib */ = {isa = PBXFileReference; lastKnownFileType = file.xib; path = HomeSreenBannerTableViewCell.xib; sourceTree = "<group>"; };
		8757DB9B274B84A900A04367 /* HomeSreenBannerCollectionViewCell.swift */ = {isa = PBXFileReference; lastKnownFileType = sourcecode.swift; path = HomeSreenBannerCollectionViewCell.swift; sourceTree = "<group>"; };
		8757DB9C274B84A900A04367 /* HomeSreenBannerCollectionViewCell.xib */ = {isa = PBXFileReference; lastKnownFileType = file.xib; path = HomeSreenBannerCollectionViewCell.xib; sourceTree = "<group>"; };
		8757DBB6274BA34800A04367 /* homeScreenCategorySectionTableViewCell.swift */ = {isa = PBXFileReference; lastKnownFileType = sourcecode.swift; path = homeScreenCategorySectionTableViewCell.swift; sourceTree = "<group>"; };
		8757DBB7274BA34800A04367 /* homeScreenCategorySectionTableViewCell.xib */ = {isa = PBXFileReference; lastKnownFileType = file.xib; path = homeScreenCategorySectionTableViewCell.xib; sourceTree = "<group>"; };
		8757DBBE274BA39100A04367 /* homeScreenCategorySectionElementsCollectionViewCell.swift */ = {isa = PBXFileReference; lastKnownFileType = sourcecode.swift; path = homeScreenCategorySectionElementsCollectionViewCell.swift; sourceTree = "<group>"; };
		8757DBBF274BA39100A04367 /* homeScreenCategorySectionElementsCollectionViewCell.xib */ = {isa = PBXFileReference; lastKnownFileType = file.xib; path = homeScreenCategorySectionElementsCollectionViewCell.xib; sourceTree = "<group>"; };
		8757DBC3274CA7D600A04367 /* GroceriesStoriesTableViewCell.swift */ = {isa = PBXFileReference; lastKnownFileType = sourcecode.swift; path = GroceriesStoriesTableViewCell.swift; sourceTree = "<group>"; };
		8757DBC4274CA7D600A04367 /* GroceriesStoriesTableViewCell.xib */ = {isa = PBXFileReference; lastKnownFileType = file.xib; path = GroceriesStoriesTableViewCell.xib; sourceTree = "<group>"; };
		8757DBCA274CA81900A04367 /* GroceriesStoriesStoriesCollectionViewCell.swift */ = {isa = PBXFileReference; lastKnownFileType = sourcecode.swift; path = GroceriesStoriesStoriesCollectionViewCell.swift; sourceTree = "<group>"; };
		8757DBCB274CA81900A04367 /* GroceriesStoriesStoriesCollectionViewCell.xib */ = {isa = PBXFileReference; lastKnownFileType = file.xib; path = GroceriesStoriesStoriesCollectionViewCell.xib; sourceTree = "<group>"; };
		8757DBD8274CBC0A00A04367 /* ProductsLineTableViewCell.swift */ = {isa = PBXFileReference; lastKnownFileType = sourcecode.swift; path = ProductsLineTableViewCell.swift; sourceTree = "<group>"; };
		8757DBD9274CBC0A00A04367 /* ProductsLineTableViewCell.xib */ = {isa = PBXFileReference; lastKnownFileType = file.xib; path = ProductsLineTableViewCell.xib; sourceTree = "<group>"; };
		8757DBDE274D039D00A04367 /* ProductDetailViewController.swift */ = {isa = PBXFileReference; lastKnownFileType = sourcecode.swift; path = ProductDetailViewController.swift; sourceTree = "<group>"; };
		8757DBE3274D061A00A04367 /* ProductImagesTableViewCell.swift */ = {isa = PBXFileReference; lastKnownFileType = sourcecode.swift; path = ProductImagesTableViewCell.swift; sourceTree = "<group>"; };
		8757DBE4274D061A00A04367 /* ProductImagesTableViewCell.xib */ = {isa = PBXFileReference; lastKnownFileType = file.xib; path = ProductImagesTableViewCell.xib; sourceTree = "<group>"; };
		8757DBE7274D0E4A00A04367 /* ProductImagesCollectionViewCell.swift */ = {isa = PBXFileReference; lastKnownFileType = sourcecode.swift; path = ProductImagesCollectionViewCell.swift; sourceTree = "<group>"; };
		8757DBE8274D0E4A00A04367 /* ProductImagesCollectionViewCell.xib */ = {isa = PBXFileReference; lastKnownFileType = file.xib; path = ProductImagesCollectionViewCell.xib; sourceTree = "<group>"; };
		8757DBED274D14A700A04367 /* ProductInfoAndCountTableViewCell.swift */ = {isa = PBXFileReference; lastKnownFileType = sourcecode.swift; path = ProductInfoAndCountTableViewCell.swift; sourceTree = "<group>"; };
		8757DBEE274D14A700A04367 /* ProductInfoAndCountTableViewCell.xib */ = {isa = PBXFileReference; lastKnownFileType = file.xib; path = ProductInfoAndCountTableViewCell.xib; sourceTree = "<group>"; };
		8757DBF3274DF38000A04367 /* CheckoutViewController.swift */ = {isa = PBXFileReference; lastKnownFileType = sourcecode.swift; path = CheckoutViewController.swift; sourceTree = "<group>"; };
		8757DBF7274DF5D500A04367 /* ParametrElementsTableViewCell.swift */ = {isa = PBXFileReference; lastKnownFileType = sourcecode.swift; path = ParametrElementsTableViewCell.swift; sourceTree = "<group>"; };
		8757DBF8274DF5D500A04367 /* ParametrElementsTableViewCell.xib */ = {isa = PBXFileReference; lastKnownFileType = file.xib; path = ParametrElementsTableViewCell.xib; sourceTree = "<group>"; };
		8757DBFD274DFC9700A04367 /* ParametrElementFooterTableViewCell.swift */ = {isa = PBXFileReference; lastKnownFileType = sourcecode.swift; path = ParametrElementFooterTableViewCell.swift; sourceTree = "<group>"; };
		8757DBFE274DFC9700A04367 /* ParametrElementFooterTableViewCell.xib */ = {isa = PBXFileReference; lastKnownFileType = file.xib; path = ParametrElementFooterTableViewCell.xib; sourceTree = "<group>"; };
		8757DC05274E397700A04367 /* productDetailTableViewCell.swift */ = {isa = PBXFileReference; lastKnownFileType = sourcecode.swift; path = productDetailTableViewCell.swift; sourceTree = "<group>"; };
		8757DC06274E397700A04367 /* productDetailTableViewCell.xib */ = {isa = PBXFileReference; lastKnownFileType = file.xib; path = productDetailTableViewCell.xib; sourceTree = "<group>"; };
		878182662747AEE8001F8CEF /* AccountInfoTableViewCell.swift */ = {isa = PBXFileReference; lastKnownFileType = sourcecode.swift; path = AccountInfoTableViewCell.swift; sourceTree = "<group>"; };
		878182672747AEE8001F8CEF /* AccountInfoTableViewCell.xib */ = {isa = PBXFileReference; lastKnownFileType = file.xib; path = AccountInfoTableViewCell.xib; sourceTree = "<group>"; };
		8781826C2747B30A001F8CEF /* LogOutTableViewCell.swift */ = {isa = PBXFileReference; lastKnownFileType = sourcecode.swift; path = LogOutTableViewCell.swift; sourceTree = "<group>"; };
		8781826D2747B30A001F8CEF /* LogOutTableViewCell.xib */ = {isa = PBXFileReference; lastKnownFileType = file.xib; path = LogOutTableViewCell.xib; sourceTree = "<group>"; };
		878182712747B66B001F8CEF /* MenuTableViewCell.swift */ = {isa = PBXFileReference; lastKnownFileType = sourcecode.swift; path = MenuTableViewCell.swift; sourceTree = "<group>"; };
		878182722747B66B001F8CEF /* MenuTableViewCell.xib */ = {isa = PBXFileReference; lastKnownFileType = file.xib; path = MenuTableViewCell.xib; sourceTree = "<group>"; };
		878182762747B9D5001F8CEF /* AccountViewController.swift */ = {isa = PBXFileReference; lastKnownFileType = sourcecode.swift; path = AccountViewController.swift; sourceTree = "<group>"; };
		878182792747CA05001F8CEF /* MenuModels.swift */ = {isa = PBXFileReference; lastKnownFileType = sourcecode.swift; path = MenuModels.swift; sourceTree = "<group>"; };
		8781827C2747FF9A001F8CEF /* FavoritesTableViewCell.swift */ = {isa = PBXFileReference; lastKnownFileType = sourcecode.swift; path = FavoritesTableViewCell.swift; sourceTree = "<group>"; };
		8781827D2747FF9A001F8CEF /* FavoritesTableViewCell.xib */ = {isa = PBXFileReference; lastKnownFileType = file.xib; path = FavoritesTableViewCell.xib; sourceTree = "<group>"; };
		8781828327480514001F8CEF /* HeaderFavoritesTableViewCell.swift */ = {isa = PBXFileReference; lastKnownFileType = sourcecode.swift; path = HeaderFavoritesTableViewCell.swift; sourceTree = "<group>"; };
		8781828427480514001F8CEF /* HeaderFavoritesTableViewCell.xib */ = {isa = PBXFileReference; lastKnownFileType = file.xib; path = HeaderFavoritesTableViewCell.xib; sourceTree = "<group>"; };
		878182882748067A001F8CEF /* FavoritesViewController.swift */ = {isa = PBXFileReference; lastKnownFileType = sourcecode.swift; path = FavoritesViewController.swift; sourceTree = "<group>"; };
		8781828C2748FC8C001F8CEF /* MyCartViewController.swift */ = {isa = PBXFileReference; lastKnownFileType = sourcecode.swift; path = MyCartViewController.swift; sourceTree = "<group>"; };
		8781828F2748FD35001F8CEF /* HeaderMyCartTableViewCell.swift */ = {isa = PBXFileReference; lastKnownFileType = sourcecode.swift; path = HeaderMyCartTableViewCell.swift; sourceTree = "<group>"; };
		878182902748FD35001F8CEF /* HeaderMyCartTableViewCell.xib */ = {isa = PBXFileReference; lastKnownFileType = file.xib; path = HeaderMyCartTableViewCell.xib; sourceTree = "<group>"; };
		878182942748FD53001F8CEF /* MyCartItemsTableViewCell.swift */ = {isa = PBXFileReference; lastKnownFileType = sourcecode.swift; path = MyCartItemsTableViewCell.swift; sourceTree = "<group>"; };
		878182952748FD53001F8CEF /* MyCartItemsTableViewCell.xib */ = {isa = PBXFileReference; lastKnownFileType = file.xib; path = MyCartItemsTableViewCell.xib; sourceTree = "<group>"; };
		87818299274A1A0C001F8CEF /* ExploreVcViewController.swift */ = {isa = PBXFileReference; lastKnownFileType = sourcecode.swift; path = ExploreVcViewController.swift; sourceTree = "<group>"; };
		8781829E274A1AE8001F8CEF /* ExploreHeaderTableViewCell.swift */ = {isa = PBXFileReference; lastKnownFileType = sourcecode.swift; path = ExploreHeaderTableViewCell.swift; sourceTree = "<group>"; };
		8781829F274A1AE8001F8CEF /* ExploreHeaderTableViewCell.xib */ = {isa = PBXFileReference; lastKnownFileType = file.xib; path = ExploreHeaderTableViewCell.xib; sourceTree = "<group>"; };
		878182A4274A1B0D001F8CEF /* SearchBarTableViewCell.swift */ = {isa = PBXFileReference; lastKnownFileType = sourcecode.swift; path = SearchBarTableViewCell.swift; sourceTree = "<group>"; };
		878182A5274A1B0D001F8CEF /* SearchBarTableViewCell.xib */ = {isa = PBXFileReference; lastKnownFileType = file.xib; path = SearchBarTableViewCell.xib; sourceTree = "<group>"; };
		878182AA274A1B35001F8CEF /* ItemsTableViewCell.swift */ = {isa = PBXFileReference; lastKnownFileType = sourcecode.swift; path = ItemsTableViewCell.swift; sourceTree = "<group>"; };
		878182AB274A1B35001F8CEF /* ItemsTableViewCell.xib */ = {isa = PBXFileReference; lastKnownFileType = file.xib; path = ItemsTableViewCell.xib; sourceTree = "<group>"; };
		878182B1274A1C01001F8CEF /* ItemsCollectionViewCell.swift */ = {isa = PBXFileReference; lastKnownFileType = sourcecode.swift; path = ItemsCollectionViewCell.swift; sourceTree = "<group>"; };
		878182B2274A1C01001F8CEF /* ItemsCollectionViewCell.xib */ = {isa = PBXFileReference; lastKnownFileType = file.xib; path = ItemsCollectionViewCell.xib; sourceTree = "<group>"; };
		878182B6274AA02C001F8CEF /* ProductDataBase.swift */ = {isa = PBXFileReference; lastKnownFileType = sourcecode.swift; path = ProductDataBase.swift; sourceTree = "<group>"; };
		879FAC0527436FC600252BE0 /* NectarApp.app */ = {isa = PBXFileReference; explicitFileType = wrapper.application; includeInIndex = 0; path = NectarApp.app; sourceTree = BUILT_PRODUCTS_DIR; };
		879FAC0827436FC600252BE0 /* AppDelegate.swift */ = {isa = PBXFileReference; lastKnownFileType = sourcecode.swift; path = AppDelegate.swift; sourceTree = "<group>"; };
		879FAC0A27436FC600252BE0 /* SceneDelegate.swift */ = {isa = PBXFileReference; lastKnownFileType = sourcecode.swift; path = SceneDelegate.swift; sourceTree = "<group>"; };
		879FAC0C27436FC600252BE0 /* ViewController.swift */ = {isa = PBXFileReference; lastKnownFileType = sourcecode.swift; path = ViewController.swift; sourceTree = "<group>"; };
		879FAC0F27436FC600252BE0 /* Base */ = {isa = PBXFileReference; lastKnownFileType = file.storyboard; name = Base; path = Base.lproj/Main.storyboard; sourceTree = "<group>"; };
		879FAC1127436FC700252BE0 /* Assets.xcassets */ = {isa = PBXFileReference; lastKnownFileType = folder.assetcatalog; path = Assets.xcassets; sourceTree = "<group>"; };
		879FAC1427436FC700252BE0 /* Base */ = {isa = PBXFileReference; lastKnownFileType = file.storyboard; name = Base; path = Base.lproj/LaunchScreen.storyboard; sourceTree = "<group>"; };
		879FAC1627436FC700252BE0 /* Info.plist */ = {isa = PBXFileReference; lastKnownFileType = text.plist.xml; path = Info.plist; sourceTree = "<group>"; };
/* End PBXFileReference section */

/* Begin PBXFrameworksBuildPhase section */
		879FAC0227436FC600252BE0 /* Frameworks */ = {
			isa = PBXFrameworksBuildPhase;
			buildActionMask = 2147483647;
			files = (
			);
			runOnlyForDeploymentPostprocessing = 0;
		};
/* End PBXFrameworksBuildPhase section */

/* Begin PBXGroup section */
		870737B7274E6D6400732BB7 /* Search */ = {
			isa = PBXGroup;
			children = (
				870737B8274E6D7400732BB7 /* SearchVC */,
			);
			path = Search;
			sourceTree = "<group>";
		};
		870737B8274E6D7400732BB7 /* SearchVC */ = {
			isa = PBXGroup;
			children = (
				870737B9274E6D8500732BB7 /* SearchViewController.swift */,
			);
			path = SearchVC;
			sourceTree = "<group>";
		};
		870737BB274F521E00732BB7 /* NavigationBars */ = {
			isa = PBXGroup;
			children = (
				870737BC274F523C00732BB7 /* FiltersNavBar */,
			);
			path = NavigationBars;
			sourceTree = "<group>";
		};
		870737BC274F523C00732BB7 /* FiltersNavBar */ = {
			isa = PBXGroup;
			children = (
				870737BD274F527800732BB7 /* FiltersNavigationContollers.swift */,
			);
			path = FiltersNavBar;
			sourceTree = "<group>";
		};
		870737BF274F537C00732BB7 /* Filters */ = {
			isa = PBXGroup;
			children = (
				870737D0274F786E00732BB7 /* SectionFooter */,
				870737CB274F726600732BB7 /* FilterNameCell */,
				870737C6274F6A5000732BB7 /* FiltersCell */,
				870737C0274F538500732BB7 /* FiltersVc */,
			);
			path = Filters;
			sourceTree = "<group>";
		};
		870737C0274F538500732BB7 /* FiltersVc */ = {
			isa = PBXGroup;
			children = (
				870737C1274F539800732BB7 /* FiltersViewController.swift */,
			);
			path = FiltersVc;
			sourceTree = "<group>";
		};
		870737C3274F66C000732BB7 /* FilterMenu */ = {
			isa = PBXGroup;
			children = (
				870737C4274F66D400732BB7 /* FilterMenu.swift */,
			);
			path = FilterMenu;
			sourceTree = "<group>";
		};
		870737C6274F6A5000732BB7 /* FiltersCell */ = {
			isa = PBXGroup;
			children = (
				870737C7274F6A7000732BB7 /* FiltersTableViewCell.swift */,
				870737C8274F6A7000732BB7 /* FiltersTableViewCell.xib */,
			);
			path = FiltersCell;
			sourceTree = "<group>";
		};
		870737CB274F726600732BB7 /* FilterNameCell */ = {
			isa = PBXGroup;
			children = (
				870737CC274F727B00732BB7 /* FilterNameTableViewCell.swift */,
				870737CD274F727B00732BB7 /* FilterNameTableViewCell.xib */,
			);
			path = FilterNameCell;
			sourceTree = "<group>";
		};
		870737D0274F786E00732BB7 /* SectionFooter */ = {
			isa = PBXGroup;
			children = (
				870737D1274F788200732BB7 /* SectionFooterTableViewCell.swift */,
				870737D2274F788200732BB7 /* SectionFooterTableViewCell.xib */,
			);
			path = SectionFooter;
			sourceTree = "<group>";
		};
		870737D5274F858300732BB7 /* Checkout */ = {
			isa = PBXGroup;
			children = (
				870737D6274F85A400732BB7 /* Checkout.swift */,
			);
			path = Checkout;
			sourceTree = "<group>";
		};
		873026802743D9E500CA31CA /* Controllers */ = {
			isa = PBXGroup;
			children = (
				870737BF274F537C00732BB7 /* Filters */,
				870737BB274F521E00732BB7 /* NavigationBars */,
				870737B7274E6D6400732BB7 /* Search */,
				8757DBF1274DF31000A04367 /* Checkout */,
				8757DBDC274D035E00A04367 /* ProductDetail */,
				8757DB84274B5F5300A04367 /* Home Screen */,
				87818298274A19F5001F8CEF /* Explore */,
				8781828A2748FC6F001F8CEF /* My Cart */,
				8781827B2747FF7A001F8CEF /* Favorites */,
				878182622747AE61001F8CEF /* Account */,
				873026B7274756F700CA31CA /* TabBar */,
				873026A72746142500CA31CA /* onbording */,
				873026A4274613D700CA31CA /* SignUpAlternative */,
				873026A1274613B700CA31CA /* LogIn */,
				8730269E2746130F00CA31CA /* SelectLocation */,
				8730269B27456F5200CA31CA /* Verification */,
				8730268527441FFF00CA31CA /* Number */,
				873026822743DAB600CA31CA /* SingIn  */,
			);
			path = Controllers;
			sourceTree = "<group>";
		};
		873026812743D9F600CA31CA /* Models */ = {
			isa = PBXGroup;
			children = (
				870737D5274F858300732BB7 /* Checkout */,
				870737C3274F66C000732BB7 /* FilterMenu */,
				878182B5274AA010001F8CEF /* ProductDataBase */,
				878182782747C937001F8CEF /* AccountMenu */,
				873026B4274682E200CA31CA /* Login */,
				873026AD274664AA00CA31CA /* PhoneMask */,
				873026AA2746538300CA31CA /* Verification */,
			);
			path = Models;
			sourceTree = "<group>";
		};
		873026822743DAB600CA31CA /* SingIn  */ = {
			isa = PBXGroup;
			children = (
				873026832743DAD800CA31CA /* SingInViewController.swift */,
			);
			path = "SingIn ";
			sourceTree = "<group>";
		};
		8730268527441FFF00CA31CA /* Number */ = {
			isa = PBXGroup;
			children = (
				873026862744201100CA31CA /* NumberViewController.swift */,
			);
			path = Number;
			sourceTree = "<group>";
		};
		8730269B27456F5200CA31CA /* Verification */ = {
			isa = PBXGroup;
			children = (
				8730269C274612D700CA31CA /* VerificationViewController.swift */,
			);
			path = Verification;
			sourceTree = "<group>";
		};
		8730269E2746130F00CA31CA /* SelectLocation */ = {
			isa = PBXGroup;
			children = (
				8730269F2746133C00CA31CA /* SelectLocationViewController.swift */,
			);
			path = SelectLocation;
			sourceTree = "<group>";
		};
		873026A1274613B700CA31CA /* LogIn */ = {
			isa = PBXGroup;
			children = (
				873026A2274613C800CA31CA /* LogInViewController.swift */,
			);
			path = LogIn;
			sourceTree = "<group>";
		};
		873026A4274613D700CA31CA /* SignUpAlternative */ = {
			isa = PBXGroup;
			children = (
				873026A5274613E900CA31CA /* SignUpAlternativeViewController.swift */,
			);
			path = SignUpAlternative;
			sourceTree = "<group>";
		};
		873026A72746142500CA31CA /* onbording */ = {
			isa = PBXGroup;
			children = (
				873026A82746143700CA31CA /* OnbordingViewController.swift */,
			);
			path = onbording;
			sourceTree = "<group>";
		};
		873026AA2746538300CA31CA /* Verification */ = {
			isa = PBXGroup;
			children = (
				873026AB2746539C00CA31CA /* VerificationModels.swift */,
			);
			path = Verification;
			sourceTree = "<group>";
		};
		873026AD274664AA00CA31CA /* PhoneMask */ = {
			isa = PBXGroup;
			children = (
				873026AE274664C600CA31CA /* phoneMaskModels.swift */,
			);
			path = PhoneMask;
			sourceTree = "<group>";
		};
		873026B02746716F00CA31CA /* Fonts */ = {
			isa = PBXGroup;
			children = (
				873026B1274671A500CA31CA /* gilroy-medium.ttf */,
				873026B2274671A500CA31CA /* gilroy-regular.ttf */,
				873026B3274671A500CA31CA /* gilroy-semibold.ttf */,
			);
			path = Fonts;
			sourceTree = "<group>";
		};
		873026B4274682E200CA31CA /* Login */ = {
			isa = PBXGroup;
			children = (
				873026B52746831900CA31CA /* LoginModels.swift */,
			);
			path = Login;
			sourceTree = "<group>";
		};
		873026B7274756F700CA31CA /* TabBar */ = {
			isa = PBXGroup;
			children = (
				873026B82747572100CA31CA /* CustomTabBarVc.swift */,
			);
			path = TabBar;
			sourceTree = "<group>";
		};
		8757DB84274B5F5300A04367 /* Home Screen */ = {
			isa = PBXGroup;
			children = (
				8757DBD7274CBBD400A04367 /* ProductLine */,
				8757DBC2274CA78C00A04367 /* GroceriesStories */,
				8757DBAD274BA0C400A04367 /* homeScreenCategorySection */,
				8757DB94274B844700A04367 /* HomeSreenBanner */,
				8757DB8F274B643B00A04367 /* homeScreeSearchBar */,
				8757DB8A274B607F00A04367 /* HomeScreenHeader */,
				8757DB89274B606B00A04367 /* HomeSreenVc */,
			);
			path = "Home Screen";
			sourceTree = "<group>";
		};
		8757DB89274B606B00A04367 /* HomeSreenVc */ = {
			isa = PBXGroup;
			children = (
				8757DB87274B5F9500A04367 /* HomeScreenViewController.swift */,
			);
			path = HomeSreenVc;
			sourceTree = "<group>";
		};
		8757DB8A274B607F00A04367 /* HomeScreenHeader */ = {
			isa = PBXGroup;
			children = (
				8757DB8B274B60A500A04367 /* HomeScreenHeaderTableViewCell.swift */,
				8757DB8C274B60A500A04367 /* HomeScreenHeaderTableViewCell.xib */,
			);
			path = HomeScreenHeader;
			sourceTree = "<group>";
		};
		8757DB8F274B643B00A04367 /* homeScreeSearchBar */ = {
			isa = PBXGroup;
			children = (
				8757DB90274B646000A04367 /* homeScreeSearchBarTableViewCell.swift */,
				8757DB91274B646000A04367 /* homeScreeSearchBarTableViewCell.xib */,
			);
			path = homeScreeSearchBar;
			sourceTree = "<group>";
		};
		8757DB94274B844700A04367 /* HomeSreenBanner */ = {
			isa = PBXGroup;
			children = (
				8757DB9A274B848000A04367 /* HomeSreenBannerCollectionViewCell */,
				8757DB99274B846E00A04367 /* HomeSreenBannerTableViewCell */,
			);
			path = HomeSreenBanner;
			sourceTree = "<group>";
		};
		8757DB99274B846E00A04367 /* HomeSreenBannerTableViewCell */ = {
			isa = PBXGroup;
			children = (
				8757DB95274B846600A04367 /* HomeSreenBannerTableViewCell.swift */,
				8757DB96274B846600A04367 /* HomeSreenBannerTableViewCell.xib */,
			);
			path = HomeSreenBannerTableViewCell;
			sourceTree = "<group>";
		};
		8757DB9A274B848000A04367 /* HomeSreenBannerCollectionViewCell */ = {
			isa = PBXGroup;
			children = (
				8757DB9B274B84A900A04367 /* HomeSreenBannerCollectionViewCell.swift */,
				8757DB9C274B84A900A04367 /* HomeSreenBannerCollectionViewCell.xib */,
			);
			path = HomeSreenBannerCollectionViewCell;
			sourceTree = "<group>";
		};
		8757DBAD274BA0C400A04367 /* homeScreenCategorySection */ = {
			isa = PBXGroup;
			children = (
				8757DBBB274BA36100A04367 /* homeScreenCategorySectionElements */,
				8757DBBA274BA35500A04367 /* homeScreenCategorySectionTableView */,
			);
			path = homeScreenCategorySection;
			sourceTree = "<group>";
		};
		8757DBBA274BA35500A04367 /* homeScreenCategorySectionTableView */ = {
			isa = PBXGroup;
			children = (
				8757DBB6274BA34800A04367 /* homeScreenCategorySectionTableViewCell.swift */,
				8757DBB7274BA34800A04367 /* homeScreenCategorySectionTableViewCell.xib */,
			);
			path = homeScreenCategorySectionTableView;
			sourceTree = "<group>";
		};
		8757DBBB274BA36100A04367 /* homeScreenCategorySectionElements */ = {
			isa = PBXGroup;
			children = (
				8757DBBE274BA39100A04367 /* homeScreenCategorySectionElementsCollectionViewCell.swift */,
				8757DBBF274BA39100A04367 /* homeScreenCategorySectionElementsCollectionViewCell.xib */,
			);
			path = homeScreenCategorySectionElements;
			sourceTree = "<group>";
		};
		8757DBC2274CA78C00A04367 /* GroceriesStories */ = {
			isa = PBXGroup;
			children = (
				8757DBC8274CA7EB00A04367 /* GroceriesStoriesCollectionViewCell */,
				8757DBC7274CA7DD00A04367 /* GroceriesStoriesTableViewCell */,
			);
			path = GroceriesStories;
			sourceTree = "<group>";
		};
		8757DBC7274CA7DD00A04367 /* GroceriesStoriesTableViewCell */ = {
			isa = PBXGroup;
			children = (
				8757DBC3274CA7D600A04367 /* GroceriesStoriesTableViewCell.swift */,
				8757DBC4274CA7D600A04367 /* GroceriesStoriesTableViewCell.xib */,
			);
			path = GroceriesStoriesTableViewCell;
			sourceTree = "<group>";
		};
		8757DBC8274CA7EB00A04367 /* GroceriesStoriesCollectionViewCell */ = {
			isa = PBXGroup;
			children = (
				8757DBCA274CA81900A04367 /* GroceriesStoriesStoriesCollectionViewCell.swift */,
				8757DBCB274CA81900A04367 /* GroceriesStoriesStoriesCollectionViewCell.xib */,
			);
			path = GroceriesStoriesCollectionViewCell;
			sourceTree = "<group>";
		};
		8757DBD7274CBBD400A04367 /* ProductLine */ = {
			isa = PBXGroup;
			children = (
				8757DBD8274CBC0A00A04367 /* ProductsLineTableViewCell.swift */,
				8757DBD9274CBC0A00A04367 /* ProductsLineTableViewCell.xib */,
			);
			path = ProductLine;
			sourceTree = "<group>";
		};
		8757DBDC274D035E00A04367 /* ProductDetail */ = {
			isa = PBXGroup;
			children = (
				8757DC04274E395600A04367 /* productDetailCell */,
				8757DBEC274D147600A04367 /* ProductInfoAndCount */,
				8757DBE0274D05BF00A04367 /* ProductImages */,
				8757DBDD274D038300A04367 /* ProductDetailVc */,
			);
			path = ProductDetail;
			sourceTree = "<group>";
		};
		8757DBDD274D038300A04367 /* ProductDetailVc */ = {
			isa = PBXGroup;
			children = (
				8757DBDE274D039D00A04367 /* ProductDetailViewController.swift */,
			);
			path = ProductDetailVc;
			sourceTree = "<group>";
		};
		8757DBE0274D05BF00A04367 /* ProductImages */ = {
			isa = PBXGroup;
			children = (
				8757DBE2274D05F800A04367 /* ProductImagesCollectionViewCell */,
				8757DBE1274D05F300A04367 /* ProductImagesTableViewCell */,
			);
			path = ProductImages;
			sourceTree = "<group>";
		};
		8757DBE1274D05F300A04367 /* ProductImagesTableViewCell */ = {
			isa = PBXGroup;
			children = (
				8757DBE3274D061A00A04367 /* ProductImagesTableViewCell.swift */,
				8757DBE4274D061A00A04367 /* ProductImagesTableViewCell.xib */,
			);
			path = ProductImagesTableViewCell;
			sourceTree = "<group>";
		};
		8757DBE2274D05F800A04367 /* ProductImagesCollectionViewCell */ = {
			isa = PBXGroup;
			children = (
				8757DBE7274D0E4A00A04367 /* ProductImagesCollectionViewCell.swift */,
				8757DBE8274D0E4A00A04367 /* ProductImagesCollectionViewCell.xib */,
			);
			path = ProductImagesCollectionViewCell;
			sourceTree = "<group>";
		};
		8757DBEC274D147600A04367 /* ProductInfoAndCount */ = {
			isa = PBXGroup;
			children = (
				8757DBED274D14A700A04367 /* ProductInfoAndCountTableViewCell.swift */,
				8757DBEE274D14A700A04367 /* ProductInfoAndCountTableViewCell.xib */,
			);
			path = ProductInfoAndCount;
			sourceTree = "<group>";
		};
		8757DBF1274DF31000A04367 /* Checkout */ = {
			isa = PBXGroup;
			children = (
				8757DBF5274DF55B00A04367 /* CheckoutElementsCell */,
				8757DBF2274DF31C00A04367 /* checkoutVC */,
			);
			path = Checkout;
			sourceTree = "<group>";
		};
		8757DBF2274DF31C00A04367 /* checkoutVC */ = {
			isa = PBXGroup;
			children = (
				8757DBF3274DF38000A04367 /* CheckoutViewController.swift */,
			);
			path = checkoutVC;
			sourceTree = "<group>";
		};
		8757DBF5274DF55B00A04367 /* CheckoutElementsCell */ = {
			isa = PBXGroup;
			children = (
				8757DBFB274DFC6100A04367 /* ParametrElementFooterCell */,
				8757DBF6274DF57800A04367 /* ParametrElementsCell */,
			);
			path = CheckoutElementsCell;
			sourceTree = "<group>";
		};
		8757DBF6274DF57800A04367 /* ParametrElementsCell */ = {
			isa = PBXGroup;
			children = (
				8757DBF7274DF5D500A04367 /* ParametrElementsTableViewCell.swift */,
				8757DBF8274DF5D500A04367 /* ParametrElementsTableViewCell.xib */,
			);
			path = ParametrElementsCell;
			sourceTree = "<group>";
		};
		8757DBFB274DFC6100A04367 /* ParametrElementFooterCell */ = {
			isa = PBXGroup;
			children = (
				8757DBFD274DFC9700A04367 /* ParametrElementFooterTableViewCell.swift */,
				8757DBFE274DFC9700A04367 /* ParametrElementFooterTableViewCell.xib */,
			);
			path = ParametrElementFooterCell;
			sourceTree = "<group>";
		};
		8757DC04274E395600A04367 /* productDetailCell */ = {
			isa = PBXGroup;
			children = (
				8757DC05274E397700A04367 /* productDetailTableViewCell.swift */,
				8757DC06274E397700A04367 /* productDetailTableViewCell.xib */,
			);
			path = productDetailCell;
			sourceTree = "<group>";
		};
		878182622747AE61001F8CEF /* Account */ = {
			isa = PBXGroup;
			children = (
				878182752747B9AC001F8CEF /* AccountVC */,
				878182702747B647001F8CEF /* menu */,
				8781826B2747B2F0001F8CEF /* footer */,
				878182632747AE86001F8CEF /* header */,
			);
			path = Account;
			sourceTree = "<group>";
		};
		878182632747AE86001F8CEF /* header */ = {
			isa = PBXGroup;
			children = (
				878182662747AEE8001F8CEF /* AccountInfoTableViewCell.swift */,
				878182672747AEE8001F8CEF /* AccountInfoTableViewCell.xib */,
			);
			path = header;
			sourceTree = "<group>";
		};
		8781826B2747B2F0001F8CEF /* footer */ = {
			isa = PBXGroup;
			children = (
				8781826C2747B30A001F8CEF /* LogOutTableViewCell.swift */,
				8781826D2747B30A001F8CEF /* LogOutTableViewCell.xib */,
			);
			path = footer;
			sourceTree = "<group>";
		};
		878182702747B647001F8CEF /* menu */ = {
			isa = PBXGroup;
			children = (
				878182712747B66B001F8CEF /* MenuTableViewCell.swift */,
				878182722747B66B001F8CEF /* MenuTableViewCell.xib */,
			);
			path = menu;
			sourceTree = "<group>";
		};
		878182752747B9AC001F8CEF /* AccountVC */ = {
			isa = PBXGroup;
			children = (
				878182762747B9D5001F8CEF /* AccountViewController.swift */,
			);
			path = AccountVC;
			sourceTree = "<group>";
		};
		878182782747C937001F8CEF /* AccountMenu */ = {
			isa = PBXGroup;
			children = (
				878182792747CA05001F8CEF /* MenuModels.swift */,
			);
			path = AccountMenu;
			sourceTree = "<group>";
		};
		8781827B2747FF7A001F8CEF /* Favorites */ = {
			isa = PBXGroup;
			children = (
				878182872748063C001F8CEF /* FavoritesVc */,
				87818282274804E2001F8CEF /* items */,
				87818280274804D1001F8CEF /* header */,
			);
			path = Favorites;
			sourceTree = "<group>";
		};
		87818280274804D1001F8CEF /* header */ = {
			isa = PBXGroup;
			children = (
				8781828327480514001F8CEF /* HeaderFavoritesTableViewCell.swift */,
				8781828427480514001F8CEF /* HeaderFavoritesTableViewCell.xib */,
			);
			path = header;
			sourceTree = "<group>";
		};
		87818282274804E2001F8CEF /* items */ = {
			isa = PBXGroup;
			children = (
				8781827C2747FF9A001F8CEF /* FavoritesTableViewCell.swift */,
				8781827D2747FF9A001F8CEF /* FavoritesTableViewCell.xib */,
			);
			path = items;
			sourceTree = "<group>";
		};
		878182872748063C001F8CEF /* FavoritesVc */ = {
			isa = PBXGroup;
			children = (
				878182882748067A001F8CEF /* FavoritesViewController.swift */,
			);
			path = FavoritesVc;
			sourceTree = "<group>";
		};
		8781828A2748FC6F001F8CEF /* My Cart */ = {
			isa = PBXGroup;
			children = (
				878182932748FD3D001F8CEF /* Items */,
				8781828E2748FD15001F8CEF /* Header */,
				8781828B2748FC74001F8CEF /* MyCartVc */,
			);
			path = "My Cart";
			sourceTree = "<group>";
		};
		8781828B2748FC74001F8CEF /* MyCartVc */ = {
			isa = PBXGroup;
			children = (
				8781828C2748FC8C001F8CEF /* MyCartViewController.swift */,
			);
			path = MyCartVc;
			sourceTree = "<group>";
		};
		8781828E2748FD15001F8CEF /* Header */ = {
			isa = PBXGroup;
			children = (
				8781828F2748FD35001F8CEF /* HeaderMyCartTableViewCell.swift */,
				878182902748FD35001F8CEF /* HeaderMyCartTableViewCell.xib */,
			);
			path = Header;
			sourceTree = "<group>";
		};
		878182932748FD3D001F8CEF /* Items */ = {
			isa = PBXGroup;
			children = (
				878182942748FD53001F8CEF /* MyCartItemsTableViewCell.swift */,
				878182952748FD53001F8CEF /* MyCartItemsTableViewCell.xib */,
			);
			path = Items;
			sourceTree = "<group>";
		};
		87818298274A19F5001F8CEF /* Explore */ = {
			isa = PBXGroup;
			children = (
				878182A8274A1B12001F8CEF /* Items */,
				878182A3274A1AF7001F8CEF /* SearchBar */,
				8781829C274A1AA4001F8CEF /* Header */,
				8781829B274A1A96001F8CEF /* ExploreVc */,
			);
			path = Explore;
			sourceTree = "<group>";
		};
		8781829B274A1A96001F8CEF /* ExploreVc */ = {
			isa = PBXGroup;
			children = (
				87818299274A1A0C001F8CEF /* ExploreVcViewController.swift */,
			);
			path = ExploreVc;
			sourceTree = "<group>";
		};
		8781829C274A1AA4001F8CEF /* Header */ = {
			isa = PBXGroup;
			children = (
				8781829E274A1AE8001F8CEF /* ExploreHeaderTableViewCell.swift */,
				8781829F274A1AE8001F8CEF /* ExploreHeaderTableViewCell.xib */,
			);
			path = Header;
			sourceTree = "<group>";
		};
		878182A3274A1AF7001F8CEF /* SearchBar */ = {
			isa = PBXGroup;
			children = (
				878182A4274A1B0D001F8CEF /* SearchBarTableViewCell.swift */,
				878182A5274A1B0D001F8CEF /* SearchBarTableViewCell.xib */,
			);
			path = SearchBar;
			sourceTree = "<group>";
		};
		878182A8274A1B12001F8CEF /* Items */ = {
			isa = PBXGroup;
			children = (
				878182AA274A1B35001F8CEF /* ItemsTableViewCell.swift */,
				878182AB274A1B35001F8CEF /* ItemsTableViewCell.xib */,
				878182AE274A1B3E001F8CEF /* ItemsColletionViewCell */,
			);
			path = Items;
			sourceTree = "<group>";
		};
		878182AE274A1B3E001F8CEF /* ItemsColletionViewCell */ = {
			isa = PBXGroup;
			children = (
				878182B1274A1C01001F8CEF /* ItemsCollectionViewCell.swift */,
				878182B2274A1C01001F8CEF /* ItemsCollectionViewCell.xib */,
			);
			path = ItemsColletionViewCell;
			sourceTree = "<group>";
		};
		878182B5274AA010001F8CEF /* ProductDataBase */ = {
			isa = PBXGroup;
			children = (
				878182B6274AA02C001F8CEF /* ProductDataBase.swift */,
			);
			path = ProductDataBase;
			sourceTree = "<group>";
		};
		879FABFC27436FC600252BE0 = {
			isa = PBXGroup;
			children = (
				879FAC0727436FC600252BE0 /* NectarApp */,
				879FAC0627436FC600252BE0 /* Products */,
			);
			sourceTree = "<group>";
		};
		879FAC0627436FC600252BE0 /* Products */ = {
			isa = PBXGroup;
			children = (
				879FAC0527436FC600252BE0 /* NectarApp.app */,
			);
			name = Products;
			sourceTree = "<group>";
		};
		879FAC0727436FC600252BE0 /* NectarApp */ = {
			isa = PBXGroup;
			children = (
				873026812743D9F600CA31CA /* Models */,
				873026802743D9E500CA31CA /* Controllers */,
				873026B02746716F00CA31CA /* Fonts */,
				879FAC0827436FC600252BE0 /* AppDelegate.swift */,
				879FAC0A27436FC600252BE0 /* SceneDelegate.swift */,
				879FAC0C27436FC600252BE0 /* ViewController.swift */,
				879FAC0E27436FC600252BE0 /* Main.storyboard */,
				879FAC1127436FC700252BE0 /* Assets.xcassets */,
				879FAC1327436FC700252BE0 /* LaunchScreen.storyboard */,
				879FAC1627436FC700252BE0 /* Info.plist */,
			);
			path = NectarApp;
			sourceTree = "<group>";
		};
/* End PBXGroup section */

/* Begin PBXNativeTarget section */
		879FAC0427436FC600252BE0 /* NectarApp */ = {
			isa = PBXNativeTarget;
			buildConfigurationList = 879FAC1927436FC700252BE0 /* Build configuration list for PBXNativeTarget "NectarApp" */;
			buildPhases = (
				879FAC0127436FC600252BE0 /* Sources */,
				879FAC0227436FC600252BE0 /* Frameworks */,
				879FAC0327436FC600252BE0 /* Resources */,
			);
			buildRules = (
			);
			dependencies = (
			);
			name = NectarApp;
			productName = NectarApp;
			productReference = 879FAC0527436FC600252BE0 /* NectarApp.app */;
			productType = "com.apple.product-type.application";
		};
/* End PBXNativeTarget section */

/* Begin PBXProject section */
		879FABFD27436FC600252BE0 /* Project object */ = {
			isa = PBXProject;
			attributes = {
				LastSwiftUpdateCheck = 1250;
				LastUpgradeCheck = 1250;
				TargetAttributes = {
					879FAC0427436FC600252BE0 = {
						CreatedOnToolsVersion = 12.5.1;
					};
				};
			};
			buildConfigurationList = 879FAC0027436FC600252BE0 /* Build configuration list for PBXProject "NectarApp" */;
			compatibilityVersion = "Xcode 9.3";
			developmentRegion = en;
			hasScannedForEncodings = 0;
			knownRegions = (
				en,
				Base,
			);
			mainGroup = 879FABFC27436FC600252BE0;
			productRefGroup = 879FAC0627436FC600252BE0 /* Products */;
			projectDirPath = "";
			projectRoot = "";
			targets = (
				879FAC0427436FC600252BE0 /* NectarApp */,
			);
		};
/* End PBXProject section */

/* Begin PBXResourcesBuildPhase section */
		879FAC0327436FC600252BE0 /* Resources */ = {
			isa = PBXResourcesBuildPhase;
			buildActionMask = 2147483647;
			files = (
				8781828627480514001F8CEF /* HeaderFavoritesTableViewCell.xib in Resources */,
				8757DBE6274D061A00A04367 /* ProductImagesTableViewCell.xib in Resources */,
				8757DB98274B846600A04367 /* HomeSreenBannerTableViewCell.xib in Resources */,
				878182A7274A1B0D001F8CEF /* SearchBarTableViewCell.xib in Resources */,
				878182AD274A1B35001F8CEF /* ItemsTableViewCell.xib in Resources */,
				8757DBFA274DF5D500A04367 /* ParametrElementsTableViewCell.xib in Resources */,
				878182742747B66B001F8CEF /* MenuTableViewCell.xib in Resources */,
				879FAC1527436FC700252BE0 /* LaunchScreen.storyboard in Resources */,
				8757DB93274B646000A04367 /* homeScreeSearchBarTableViewCell.xib in Resources */,
				870737CA274F6A7000732BB7 /* FiltersTableViewCell.xib in Resources */,
				870737CF274F727B00732BB7 /* FilterNameTableViewCell.xib in Resources */,
				8757DBEA274D0E4A00A04367 /* ProductImagesCollectionViewCell.xib in Resources */,
				8757DBB9274BA34800A04367 /* homeScreenCategorySectionTableViewCell.xib in Resources */,
				878182B4274A1C01001F8CEF /* ItemsCollectionViewCell.xib in Resources */,
				878182922748FD35001F8CEF /* HeaderMyCartTableViewCell.xib in Resources */,
				8757DBCD274CA81900A04367 /* GroceriesStoriesStoriesCollectionViewCell.xib in Resources */,
				8757DC08274E397700A04367 /* productDetailTableViewCell.xib in Resources */,
				8757DB9E274B84A900A04367 /* HomeSreenBannerCollectionViewCell.xib in Resources */,
				8781826F2747B30A001F8CEF /* LogOutTableViewCell.xib in Resources */,
				8757DBC1274BA39100A04367 /* homeScreenCategorySectionElementsCollectionViewCell.xib in Resources */,
				8757DB8E274B60A500A04367 /* HomeScreenHeaderTableViewCell.xib in Resources */,
				878182692747AEE8001F8CEF /* AccountInfoTableViewCell.xib in Resources */,
				870737D4274F788200732BB7 /* SectionFooterTableViewCell.xib in Resources */,
				879FAC1227436FC700252BE0 /* Assets.xcassets in Resources */,
				879FAC1027436FC600252BE0 /* Main.storyboard in Resources */,
				8757DBC6274CA7D600A04367 /* GroceriesStoriesTableViewCell.xib in Resources */,
				878182A1274A1AE8001F8CEF /* ExploreHeaderTableViewCell.xib in Resources */,
				8757DC00274DFC9700A04367 /* ParametrElementFooterTableViewCell.xib in Resources */,
				8757DBDB274CBC0A00A04367 /* ProductsLineTableViewCell.xib in Resources */,
				8757DBF0274D14A700A04367 /* ProductInfoAndCountTableViewCell.xib in Resources */,
				878182972748FD53001F8CEF /* MyCartItemsTableViewCell.xib in Resources */,
				8781827F2747FF9A001F8CEF /* FavoritesTableViewCell.xib in Resources */,
			);
			runOnlyForDeploymentPostprocessing = 0;
		};
/* End PBXResourcesBuildPhase section */

/* Begin PBXSourcesBuildPhase section */
		879FAC0127436FC600252BE0 /* Sources */ = {
			isa = PBXSourcesBuildPhase;
			buildActionMask = 2147483647;
			files = (
				873026A02746133C00CA31CA /* SelectLocationViewController.swift in Sources */,
				8757DB88274B5F9500A04367 /* HomeScreenViewController.swift in Sources */,
				8757DC07274E397700A04367 /* productDetailTableViewCell.swift in Sources */,
				8757DBEF274D14A700A04367 /* ProductInfoAndCountTableViewCell.swift in Sources */,
				8757DBE9274D0E4A00A04367 /* ProductImagesCollectionViewCell.swift in Sources */,
				8781826E2747B30A001F8CEF /* LogOutTableViewCell.swift in Sources */,
				878182682747AEE8001F8CEF /* AccountInfoTableViewCell.swift in Sources */,
				8757DBB8274BA34800A04367 /* homeScreenCategorySectionTableViewCell.swift in Sources */,
				8781827A2747CA05001F8CEF /* MenuModels.swift in Sources */,
				870737BE274F527800732BB7 /* FiltersNavigationContollers.swift in Sources */,
				8730269D274612D700CA31CA /* VerificationViewController.swift in Sources */,
				8781827E2747FF9A001F8CEF /* FavoritesTableViewCell.swift in Sources */,
				878182892748067A001F8CEF /* FavoritesViewController.swift in Sources */,
				873026842743DAD800CA31CA /* SingInViewController.swift in Sources */,
				8757DBF4274DF38000A04367 /* CheckoutViewController.swift in Sources */,
				878182732747B66B001F8CEF /* MenuTableViewCell.swift in Sources */,
				8781829A274A1A0C001F8CEF /* ExploreVcViewController.swift in Sources */,
				873026A92746143700CA31CA /* OnbordingViewController.swift in Sources */,
				870737C2274F539800732BB7 /* FiltersViewController.swift in Sources */,
				873026AC2746539C00CA31CA /* VerificationModels.swift in Sources */,
				870737D3274F788200732BB7 /* SectionFooterTableViewCell.swift in Sources */,
				8757DB9D274B84A900A04367 /* HomeSreenBannerCollectionViewCell.swift in Sources */,
				878182772747B9D5001F8CEF /* AccountViewController.swift in Sources */,
				873026AF274664C600CA31CA /* phoneMaskModels.swift in Sources */,
				8781828527480514001F8CEF /* HeaderFavoritesTableViewCell.swift in Sources */,
				879FAC0D27436FC600252BE0 /* ViewController.swift in Sources */,
				8781828D2748FC8C001F8CEF /* MyCartViewController.swift in Sources */,
				870737CE274F727B00732BB7 /* FilterNameTableViewCell.swift in Sources */,
				8757DBE5274D061A00A04367 /* ProductImagesTableViewCell.swift in Sources */,
				8757DBF9274DF5D500A04367 /* ParametrElementsTableViewCell.swift in Sources */,
				873026A3274613C800CA31CA /* LogInViewController.swift in Sources */,
				878182AC274A1B35001F8CEF /* ItemsTableViewCell.swift in Sources */,
				8757DBFF274DFC9700A04367 /* ParametrElementFooterTableViewCell.swift in Sources */,
				8757DBC0274BA39100A04367 /* homeScreenCategorySectionElementsCollectionViewCell.swift in Sources */,
				8757DBDF274D039D00A04367 /* ProductDetailViewController.swift in Sources */,
				870737C9274F6A7000732BB7 /* FiltersTableViewCell.swift in Sources */,
				879FAC0927436FC600252BE0 /* AppDelegate.swift in Sources */,
				879FAC0B27436FC600252BE0 /* SceneDelegate.swift in Sources */,
				873026B62746831900CA31CA /* LoginModels.swift in Sources */,
				870737D7274F85A400732BB7 /* Checkout.swift in Sources */,
				873026A6274613E900CA31CA /* SignUpAlternativeViewController.swift in Sources */,
				878182B3274A1C01001F8CEF /* ItemsCollectionViewCell.swift in Sources */,
				8757DBDA274CBC0A00A04367 /* ProductsLineTableViewCell.swift in Sources */,
				8757DB8D274B60A500A04367 /* HomeScreenHeaderTableViewCell.swift in Sources */,
				878182962748FD53001F8CEF /* MyCartItemsTableViewCell.swift in Sources */,
				8757DBCC274CA81900A04367 /* GroceriesStoriesStoriesCollectionViewCell.swift in Sources */,
				870737BA274E6D8500732BB7 /* SearchViewController.swift in Sources */,
				873026872744201100CA31CA /* NumberViewController.swift in Sources */,
				878182B7274AA02C001F8CEF /* ProductDataBase.swift in Sources */,
				878182A0274A1AE8001F8CEF /* ExploreHeaderTableViewCell.swift in Sources */,
				878182A6274A1B0D001F8CEF /* SearchBarTableViewCell.swift in Sources */,
				8757DBC5274CA7D600A04367 /* GroceriesStoriesTableViewCell.swift in Sources */,
				878182912748FD35001F8CEF /* HeaderMyCartTableViewCell.swift in Sources */,
				870737C5274F66D400732BB7 /* FilterMenu.swift in Sources */,
				8757DB97274B846600A04367 /* HomeSreenBannerTableViewCell.swift in Sources */,
				873026B92747572100CA31CA /* CustomTabBarVc.swift in Sources */,
				8757DB92274B646000A04367 /* homeScreeSearchBarTableViewCell.swift in Sources */,
			);
			runOnlyForDeploymentPostprocessing = 0;
		};
/* End PBXSourcesBuildPhase section */

/* Begin PBXVariantGroup section */
		879FAC0E27436FC600252BE0 /* Main.storyboard */ = {
			isa = PBXVariantGroup;
			children = (
				879FAC0F27436FC600252BE0 /* Base */,
			);
			name = Main.storyboard;
			sourceTree = "<group>";
		};
		879FAC1327436FC700252BE0 /* LaunchScreen.storyboard */ = {
			isa = PBXVariantGroup;
			children = (
				879FAC1427436FC700252BE0 /* Base */,
			);
			name = LaunchScreen.storyboard;
			sourceTree = "<group>";
		};
/* End PBXVariantGroup section */

/* Begin XCBuildConfiguration section */
		879FAC1727436FC700252BE0 /* Debug */ = {
			isa = XCBuildConfiguration;
			buildSettings = {
				ALWAYS_SEARCH_USER_PATHS = NO;
				CLANG_ANALYZER_NONNULL = YES;
				CLANG_ANALYZER_NUMBER_OBJECT_CONVERSION = YES_AGGRESSIVE;
				CLANG_CXX_LANGUAGE_STANDARD = "gnu++14";
				CLANG_CXX_LIBRARY = "libc++";
				CLANG_ENABLE_MODULES = YES;
				CLANG_ENABLE_OBJC_ARC = YES;
				CLANG_ENABLE_OBJC_WEAK = YES;
				CLANG_WARN_BLOCK_CAPTURE_AUTORELEASING = YES;
				CLANG_WARN_BOOL_CONVERSION = YES;
				CLANG_WARN_COMMA = YES;
				CLANG_WARN_CONSTANT_CONVERSION = YES;
				CLANG_WARN_DEPRECATED_OBJC_IMPLEMENTATIONS = YES;
				CLANG_WARN_DIRECT_OBJC_ISA_USAGE = YES_ERROR;
				CLANG_WARN_DOCUMENTATION_COMMENTS = YES;
				CLANG_WARN_EMPTY_BODY = YES;
				CLANG_WARN_ENUM_CONVERSION = YES;
				CLANG_WARN_INFINITE_RECURSION = YES;
				CLANG_WARN_INT_CONVERSION = YES;
				CLANG_WARN_NON_LITERAL_NULL_CONVERSION = YES;
				CLANG_WARN_OBJC_IMPLICIT_RETAIN_SELF = YES;
				CLANG_WARN_OBJC_LITERAL_CONVERSION = YES;
				CLANG_WARN_OBJC_ROOT_CLASS = YES_ERROR;
				CLANG_WARN_QUOTED_INCLUDE_IN_FRAMEWORK_HEADER = YES;
				CLANG_WARN_RANGE_LOOP_ANALYSIS = YES;
				CLANG_WARN_STRICT_PROTOTYPES = YES;
				CLANG_WARN_SUSPICIOUS_MOVE = YES;
				CLANG_WARN_UNGUARDED_AVAILABILITY = YES_AGGRESSIVE;
				CLANG_WARN_UNREACHABLE_CODE = YES;
				CLANG_WARN__DUPLICATE_METHOD_MATCH = YES;
				COPY_PHASE_STRIP = NO;
				DEBUG_INFORMATION_FORMAT = dwarf;
				ENABLE_STRICT_OBJC_MSGSEND = YES;
				ENABLE_TESTABILITY = YES;
				GCC_C_LANGUAGE_STANDARD = gnu11;
				GCC_DYNAMIC_NO_PIC = NO;
				GCC_NO_COMMON_BLOCKS = YES;
				GCC_OPTIMIZATION_LEVEL = 0;
				GCC_PREPROCESSOR_DEFINITIONS = (
					"DEBUG=1",
					"$(inherited)",
				);
				GCC_WARN_64_TO_32_BIT_CONVERSION = YES;
				GCC_WARN_ABOUT_RETURN_TYPE = YES_ERROR;
				GCC_WARN_UNDECLARED_SELECTOR = YES;
				GCC_WARN_UNINITIALIZED_AUTOS = YES_AGGRESSIVE;
				GCC_WARN_UNUSED_FUNCTION = YES;
				GCC_WARN_UNUSED_VARIABLE = YES;
				IPHONEOS_DEPLOYMENT_TARGET = 14.5;
				MTL_ENABLE_DEBUG_INFO = INCLUDE_SOURCE;
				MTL_FAST_MATH = YES;
				ONLY_ACTIVE_ARCH = YES;
				SDKROOT = iphoneos;
				SWIFT_ACTIVE_COMPILATION_CONDITIONS = DEBUG;
				SWIFT_OPTIMIZATION_LEVEL = "-Onone";
			};
			name = Debug;
		};
		879FAC1827436FC700252BE0 /* Release */ = {
			isa = XCBuildConfiguration;
			buildSettings = {
				ALWAYS_SEARCH_USER_PATHS = NO;
				CLANG_ANALYZER_NONNULL = YES;
				CLANG_ANALYZER_NUMBER_OBJECT_CONVERSION = YES_AGGRESSIVE;
				CLANG_CXX_LANGUAGE_STANDARD = "gnu++14";
				CLANG_CXX_LIBRARY = "libc++";
				CLANG_ENABLE_MODULES = YES;
				CLANG_ENABLE_OBJC_ARC = YES;
				CLANG_ENABLE_OBJC_WEAK = YES;
				CLANG_WARN_BLOCK_CAPTURE_AUTORELEASING = YES;
				CLANG_WARN_BOOL_CONVERSION = YES;
				CLANG_WARN_COMMA = YES;
				CLANG_WARN_CONSTANT_CONVERSION = YES;
				CLANG_WARN_DEPRECATED_OBJC_IMPLEMENTATIONS = YES;
				CLANG_WARN_DIRECT_OBJC_ISA_USAGE = YES_ERROR;
				CLANG_WARN_DOCUMENTATION_COMMENTS = YES;
				CLANG_WARN_EMPTY_BODY = YES;
				CLANG_WARN_ENUM_CONVERSION = YES;
				CLANG_WARN_INFINITE_RECURSION = YES;
				CLANG_WARN_INT_CONVERSION = YES;
				CLANG_WARN_NON_LITERAL_NULL_CONVERSION = YES;
				CLANG_WARN_OBJC_IMPLICIT_RETAIN_SELF = YES;
				CLANG_WARN_OBJC_LITERAL_CONVERSION = YES;
				CLANG_WARN_OBJC_ROOT_CLASS = YES_ERROR;
				CLANG_WARN_QUOTED_INCLUDE_IN_FRAMEWORK_HEADER = YES;
				CLANG_WARN_RANGE_LOOP_ANALYSIS = YES;
				CLANG_WARN_STRICT_PROTOTYPES = YES;
				CLANG_WARN_SUSPICIOUS_MOVE = YES;
				CLANG_WARN_UNGUARDED_AVAILABILITY = YES_AGGRESSIVE;
				CLANG_WARN_UNREACHABLE_CODE = YES;
				CLANG_WARN__DUPLICATE_METHOD_MATCH = YES;
				COPY_PHASE_STRIP = NO;
				DEBUG_INFORMATION_FORMAT = "dwarf-with-dsym";
				ENABLE_NS_ASSERTIONS = NO;
				ENABLE_STRICT_OBJC_MSGSEND = YES;
				GCC_C_LANGUAGE_STANDARD = gnu11;
				GCC_NO_COMMON_BLOCKS = YES;
				GCC_WARN_64_TO_32_BIT_CONVERSION = YES;
				GCC_WARN_ABOUT_RETURN_TYPE = YES_ERROR;
				GCC_WARN_UNDECLARED_SELECTOR = YES;
				GCC_WARN_UNINITIALIZED_AUTOS = YES_AGGRESSIVE;
				GCC_WARN_UNUSED_FUNCTION = YES;
				GCC_WARN_UNUSED_VARIABLE = YES;
				IPHONEOS_DEPLOYMENT_TARGET = 14.5;
				MTL_ENABLE_DEBUG_INFO = NO;
				MTL_FAST_MATH = YES;
				SDKROOT = iphoneos;
				SWIFT_COMPILATION_MODE = wholemodule;
				SWIFT_OPTIMIZATION_LEVEL = "-O";
				VALIDATE_PRODUCT = YES;
			};
			name = Release;
		};
		879FAC1A27436FC700252BE0 /* Debug */ = {
			isa = XCBuildConfiguration;
			buildSettings = {
				ASSETCATALOG_COMPILER_APPICON_NAME = AppIcon;
				ASSETCATALOG_COMPILER_GLOBAL_ACCENT_COLOR_NAME = AccentColor;
				CODE_SIGN_STYLE = Automatic;
				DEVELOPMENT_TEAM = K67HB4JC66;
				INFOPLIST_FILE = NectarApp/Info.plist;
				LD_RUNPATH_SEARCH_PATHS = (
					"$(inherited)",
					"@executable_path/Frameworks",
				);
				PRODUCT_BUNDLE_IDENTIFIER = Yearassyl.NectarApp;
				PRODUCT_NAME = "$(TARGET_NAME)";
				SWIFT_VERSION = 5.0;
				TARGETED_DEVICE_FAMILY = 1;
			};
			name = Debug;
		};
		879FAC1B27436FC700252BE0 /* Release */ = {
			isa = XCBuildConfiguration;
			buildSettings = {
				ASSETCATALOG_COMPILER_APPICON_NAME = AppIcon;
				ASSETCATALOG_COMPILER_GLOBAL_ACCENT_COLOR_NAME = AccentColor;
				CODE_SIGN_STYLE = Automatic;
				DEVELOPMENT_TEAM = K67HB4JC66;
				INFOPLIST_FILE = NectarApp/Info.plist;
				LD_RUNPATH_SEARCH_PATHS = (
					"$(inherited)",
					"@executable_path/Frameworks",
				);
				PRODUCT_BUNDLE_IDENTIFIER = Yearassyl.NectarApp;
				PRODUCT_NAME = "$(TARGET_NAME)";
				SWIFT_VERSION = 5.0;
				TARGETED_DEVICE_FAMILY = 1;
			};
			name = Release;
		};
/* End XCBuildConfiguration section */

/* Begin XCConfigurationList section */
		879FAC0027436FC600252BE0 /* Build configuration list for PBXProject "NectarApp" */ = {
			isa = XCConfigurationList;
			buildConfigurations = (
				879FAC1727436FC700252BE0 /* Debug */,
				879FAC1827436FC700252BE0 /* Release */,
			);
			defaultConfigurationIsVisible = 0;
			defaultConfigurationName = Release;
		};
		879FAC1927436FC700252BE0 /* Build configuration list for PBXNativeTarget "NectarApp" */ = {
			isa = XCConfigurationList;
			buildConfigurations = (
				879FAC1A27436FC700252BE0 /* Debug */,
				879FAC1B27436FC700252BE0 /* Release */,
			);
			defaultConfigurationIsVisible = 0;
			defaultConfigurationName = Release;
		};
/* End XCConfigurationList section */
	};
	rootObject = 879FABFD27436FC600252BE0 /* Project object */;
}
